
Microsoft Visual Studio Solution File, Format Version 12.00
# Visual Studio Version 16
VisualStudioVersion = 16.0.32106.194
MinimumVisualStudioVersion = 10.0.40219.1
Project("{FAE04EC0-301F-11D3-BF4B-00C04F79EFBC}") = "PresentationLayer", "EKGAnalyzer4\PresentationLayer.csproj", "{CD5BBD97-DCF6-4D17-9600-D1917DA37465}"
EndProject
Project("{FAE04EC0-301F-11D3-BF4B-00C04F79EFBC}") = "DataLayer", "DataLayer\DataLayer.csproj", "{3974EC11-02A6-42D1-B67B-FF46A0681570}"
EndProject
Project("{FAE04EC0-301F-11D3-BF4B-00C04F79EFBC}") = "DTO", "DTO\DTO.csproj", "{B8468E1D-FE59-4A3A-AE07-54B62AA7E67E}"
EndProject
Project("{FAE04EC0-301F-11D3-BF4B-00C04F79EFBC}") = "LogicLayer", "LogicLayer\LogicLayer.csproj", "{D7CFFE46-7328-4B22-A527-C128F58226DB}"
EndProject
Global
	GlobalSection(SolutionConfigurationPlatforms) = preSolution
		Debug|Any CPU = Debug|Any CPU
		Release|Any CPU = Release|Any CPU
	EndGlobalSection
	GlobalSection(ProjectConfigurationPlatforms) = postSolution
		{CD5BBD97-DCF6-4D17-9600-D1917DA37465}.Debug|Any CPU.ActiveCfg = Debug|Any CPU
		{CD5BBD97-DCF6-4D17-9600-D1917DA37465}.Debug|Any CPU.Build.0 = Debug|Any CPU
		{CD5BBD97-DCF6-4D17-9600-D1917DA37465}.Release|Any CPU.ActiveCfg = Release|Any CPU
		{CD5BBD97-DCF6-4D17-9600-D1917DA37465}.Release|Any CPU.Build.0 = Release|Any CPU
		{3974EC11-02A6-42D1-B67B-FF46A0681570}.Debug|Any CPU.ActiveCfg = Debug|Any CPU
		{3974EC11-02A6-42D1-B67B-FF46A0681570}.Debug|Any CPU.Build.0 = Debug|Any CPU
		{3974EC11-02A6-42D1-B67B-FF46A0681570}.Release|Any CPU.ActiveCfg = Release|Any CPU
		{3974EC11-02A6-42D1-B67B-FF46A0681570}.Release|Any CPU.Build.0 = Release|Any CPU
		{B8468E1D-FE59-4A3A-AE07-54B62AA7E67E}.Debug|Any CPU.ActiveCfg = Debug|Any CPU
		{B8468E1D-FE59-4A3A-AE07-54B62AA7E67E}.Debug|Any CPU.Build.0 = Debug|Any CPU
		{B8468E1D-FE59-4A3A-AE07-54B62AA7E67E}.Release|Any CPU.ActiveCfg = Release|Any CPU
		{B8468E1D-FE59-4A3A-AE07-54B62AA7E67E}.Release|Any CPU.Build.0 = Release|Any CPU
		{D7CFFE46-7328-4B22-A527-C128F58226DB}.Debug|Any CPU.ActiveCfg = Debug|Any CPU
		{D7CFFE46-7328-4B22-A527-C128F58226DB}.Debug|Any CPU.Build.0 = Debug|Any CPU
		{D7CFFE46-7328-4B22-A527-C128F58226DB}.Release|Any CPU.ActiveCfg = Release|Any CPU
		{D7CFFE46-7328-4B22-A527-C128F58226DB}.Release|Any CPU.Build.0 = Release|Any CPU
	EndGlobalSection
	GlobalSection(SolutionProperties) = preSolution
		HideSolutionNode = FALSE
	EndGlobalSection
	GlobalSection(ExtensibilityGlobals) = postSolution
		SolutionGuid = {A839A451-0CFC-4C71-A4CB-12E89F7DF04F}
	EndGlobalSection
EndGlobal
